
Microsoft Visual Studio Solution File, Format Version 12.00
# Visual Studio 15
Project("{FAE04EC0-301F-11D3-BF4B-00C04F79EFBC}") = "Assembly-CSharp", "Assembly-CSharp.csproj", "{72F3C44D-25B0-A7AB-7754-27A2D1CBAE4D}"
EndProject
Project("{FAE04EC0-301F-11D3-BF4B-00C04F79EFBC}") = "UnityEngine.TestRunner", "UnityEngine.TestRunner.csproj", "{323F510E-7209-B10E-F800-3A022CE66C66}"
EndProject
Project("{FAE04EC0-301F-11D3-BF4B-00C04F79EFBC}") = "Unity.VisualScripting.Flow", "Unity.VisualScripting.Flow.csproj", "{67605742-502B-0351-5392-F33743DADE41}"
EndProject
Project("{FAE04EC0-301F-11D3-BF4B-00C04F79EFBC}") = "Zenject", "Zenject.csproj", "{74C2EC35-25CF-41CD-EF7F-4262A9D73659}"
EndProject
Project("{FAE04EC0-301F-11D3-BF4B-00C04F79EFBC}") = "Unity.Services.Core.Telemetry", "Unity.Services.Core.Telemetry.csproj", "{5E0D7D08-2C85-B077-E156-9FC2E6C6F98E}"
EndProject
Project("{FAE04EC0-301F-11D3-BF4B-00C04F79EFBC}") = "Unity.VisualScripting.State", "Unity.VisualScripting.State.csproj", "{4E735023-BE95-78A0-EFE3-C1CC4FA02720}"
EndProject
Project("{FAE04EC0-301F-11D3-BF4B-00C04F79EFBC}") = "Unity.VisualScripting.Core", "Unity.VisualScripting.Core.csproj", "{B1853572-2A8D-291A-D39D-F2BE0EB11530}"
EndProject
Project("{FAE04EC0-301F-11D3-BF4B-00C04F79EFBC}") = "Unity.Services.Core.Environments.Internal", "Unity.Services.Core.Environments.Internal.csproj", "{CA3A93CD-C883-3C1C-1DB9-9CE3A41AF32F}"
EndProject
Project("{FAE04EC0-301F-11D3-BF4B-00C04F79EFBC}") = "Unity.TextMeshPro", "Unity.TextMeshPro.csproj", "{D9548CB2-9442-C104-7997-49EF0E6202DC}"
EndProject
Project("{FAE04EC0-301F-11D3-BF4B-00C04F79EFBC}") = "Unity.Timeline", "Unity.Timeline.csproj", "{263A22E0-3A14-4F15-F45B-E3DF180A9AF4}"
EndProject
Project("{FAE04EC0-301F-11D3-BF4B-00C04F79EFBC}") = "Unity.Services.Core", "Unity.Services.Core.csproj", "{5D388359-106B-9D0E-46C4-965EC2929F50}"
EndProject
Project("{FAE04EC0-301F-11D3-BF4B-00C04F79EFBC}") = "Unity.Services.Core.Environments", "Unity.Services.Core.Environments.csproj", "{77825E3F-23A9-4E9A-FDBD-D7AB49FC9F62}"
EndProject
Project("{FAE04EC0-301F-11D3-BF4B-00C04F79EFBC}") = "Unity.Services.Core.Internal", "Unity.Services.Core.Internal.csproj", "{AFF3A4CB-CCE9-DE05-56A6-40EDB6567EDE}"
EndProject
Project("{FAE04EC0-301F-11D3-BF4B-00C04F79EFBC}") = "Unity.Services.Core.Analytics", "Unity.Services.Core.Analytics.csproj", "{3634802F-0CD5-6800-8968-2E46D1D069D3}"
EndProject
Project("{FAE04EC0-301F-11D3-BF4B-00C04F79EFBC}") = "Unity.Services.Core.Scheduler", "Unity.Services.Core.Scheduler.csproj", "{22D4F3A8-D25D-5021-2602-CB6875DC8017}"
EndProject
Project("{FAE04EC0-301F-11D3-BF4B-00C04F79EFBC}") = "Unity.Services.Core.Registration", "Unity.Services.Core.Registration.csproj", "{A1F59BA8-8CD3-9EBC-1DD0-769F46C5778F}"
EndProject
Project("{FAE04EC0-301F-11D3-BF4B-00C04F79EFBC}") = "Unity.Services.Core.Device", "Unity.Services.Core.Device.csproj", "{6BBCA180-81BD-30AF-2B3A-87CFD944AC22}"
EndProject
Project("{FAE04EC0-301F-11D3-BF4B-00C04F79EFBC}") = "Unity.Services.Core.Threading", "Unity.Services.Core.Threading.csproj", "{B7FBD09C-95C8-CFDC-CD8A-5704AA3993EB}"
EndProject
Project("{FAE04EC0-301F-11D3-BF4B-00C04F79EFBC}") = "Unity.Services.Core.Networking", "Unity.Services.Core.Networking.csproj", "{976FFE66-14A5-1EAD-C662-D63508D3B851}"
EndProject
Project("{FAE04EC0-301F-11D3-BF4B-00C04F79EFBC}") = "Unity.Services.Core.Configuration", "Unity.Services.Core.Configuration.csproj", "{D750FF85-6B21-33C0-1B05-0C3A56DC956F}"
EndProject
Project("{FAE04EC0-301F-11D3-BF4B-00C04F79EFBC}") = "Unity.PlasticSCM.Editor", "Unity.PlasticSCM.Editor.csproj", "{74F6E4B5-67E0-19BC-4B22-D64AC4958A96}"
EndProject
Project("{FAE04EC0-301F-11D3-BF4B-00C04F79EFBC}") = "Unity.VisualScripting.Core.Editor", "Unity.VisualScripting.Core.Editor.csproj", "{84E87C4D-1021-F265-7A0C-11074436C0B4}"
EndProject
Project("{FAE04EC0-301F-11D3-BF4B-00C04F79EFBC}") = "Unity.VisualScripting.Flow.Editor", "Unity.VisualScripting.Flow.Editor.csproj", "{0F906CC0-1896-354B-2AFA-350AA2E83C32}"
EndProject
Project("{FAE04EC0-301F-11D3-BF4B-00C04F79EFBC}") = "Unity.VisualStudio.Editor", "Unity.VisualStudio.Editor.csproj", "{8593B139-193B-40F8-894F-7C3DCFC17BF1}"
EndProject
Project("{FAE04EC0-301F-11D3-BF4B-00C04F79EFBC}") = "Unity.Timeline.Editor", "Unity.Timeline.Editor.csproj", "{AD3784D3-A36D-1641-C226-AB427A12C789}"
EndProject
Project("{FAE04EC0-301F-11D3-BF4B-00C04F79EFBC}") = "Unity.VisualScripting.State.Editor", "Unity.VisualScripting.State.Editor.csproj", "{EED7521D-1F6C-B33E-A11F-9BC356FF0F14}"
EndProject
Project("{FAE04EC0-301F-11D3-BF4B-00C04F79EFBC}") = "Unity.TextMeshPro.Editor", "Unity.TextMeshPro.Editor.csproj", "{7DE12FC6-31CC-8B4C-7653-A59F1209007E}"
EndProject
Project("{FAE04EC0-301F-11D3-BF4B-00C04F79EFBC}") = "Unity.VisualScripting.SettingsProvider.Editor", "Unity.VisualScripting.SettingsProvider.Editor.csproj", "{FB1F2056-DD0D-DB2C-8264-988A05C9F034}"
EndProject
Project("{FAE04EC0-301F-11D3-BF4B-00C04F79EFBC}") = "Unity.CollabProxy.Editor", "Unity.CollabProxy.Editor.csproj", "{1BBB6D12-6099-8F40-2F3A-F917D516038D}"
EndProject
Project("{FAE04EC0-301F-11D3-BF4B-00C04F79EFBC}") = "UnityEditor.TestRunner", "UnityEditor.TestRunner.csproj", "{DDCEF783-3471-156E-C283-7D161359BE6F}"
EndProject
Project("{FAE04EC0-301F-11D3-BF4B-00C04F79EFBC}") = "Unity.Services.Core.Editor", "Unity.Services.Core.Editor.csproj", "{74F7279F-9D11-8CF9-3592-284B0208D6E0}"
EndProject
Project("{FAE04EC0-301F-11D3-BF4B-00C04F79EFBC}") = "Unity.Rider.Editor", "Unity.Rider.Editor.csproj", "{8D4C41B1-B9C6-BB64-A510-9E2501F9FF87}"
EndProject
Project("{FAE04EC0-301F-11D3-BF4B-00C04F79EFBC}") = "Unity.VSCode.Editor", "Unity.VSCode.Editor.csproj", "{6171CBE0-DCEC-5E82-25A4-DF2E10E14252}"
EndProject
Project("{FAE04EC0-301F-11D3-BF4B-00C04F79EFBC}") = "Zenject-Editor", "Zenject-Editor.csproj", "{784F9684-E76F-314F-5A9A-DA314BC1E728}"
EndProject
Project("{FAE04EC0-301F-11D3-BF4B-00C04F79EFBC}") = "Unity.Services.Core.Configuration.Editor", "Unity.Services.Core.Configuration.Editor.csproj", "{17AA5E6F-FC67-0135-C175-865771743C2D}"
EndProject
Project("{FAE04EC0-301F-11D3-BF4B-00C04F79EFBC}") = "Assembly-CSharp-Editor", "Assembly-CSharp-Editor.csproj", "{01FBA8F8-C00D-757F-295E-70634B046A1D}"
EndProject
Project("{FAE04EC0-301F-11D3-BF4B-00C04F79EFBC}") = "Unity.VisualScripting.Shared.Editor", "Unity.VisualScripting.Shared.Editor.csproj", "{3FA86F5A-92C8-1440-7887-20BF163AFA2A}"
EndProject
Global
	GlobalSection(SolutionConfigurationPlatforms) = preSolution
		Debug|Any CPU = Debug|Any CPU
		Release|Any CPU = Release|Any CPU
	EndGlobalSection
	GlobalSection(ProjectConfigurationPlatforms) = postSolution
		{72F3C44D-25B0-A7AB-7754-27A2D1CBAE4D}.Debug|Any CPU.ActiveCfg = Debug|Any CPU
		{72F3C44D-25B0-A7AB-7754-27A2D1CBAE4D}.Debug|Any CPU.Build.0 = Debug|Any CPU
		{72F3C44D-25B0-A7AB-7754-27A2D1CBAE4D}.Release|Any CPU.ActiveCfg = Release|Any CPU
		{72F3C44D-25B0-A7AB-7754-27A2D1CBAE4D}.Release|Any CPU.Build.0 = Release|Any CPU
		{323F510E-7209-B10E-F800-3A022CE66C66}.Debug|Any CPU.ActiveCfg = Debug|Any CPU
		{323F510E-7209-B10E-F800-3A022CE66C66}.Debug|Any CPU.Build.0 = Debug|Any CPU
		{323F510E-7209-B10E-F800-3A022CE66C66}.Release|Any CPU.ActiveCfg = Release|Any CPU
		{323F510E-7209-B10E-F800-3A022CE66C66}.Release|Any CPU.Build.0 = Release|Any CPU
		{67605742-502B-0351-5392-F33743DADE41}.Debug|Any CPU.ActiveCfg = Debug|Any CPU
		{67605742-502B-0351-5392-F33743DADE41}.Debug|Any CPU.Build.0 = Debug|Any CPU
		{67605742-502B-0351-5392-F33743DADE41}.Release|Any CPU.ActiveCfg = Release|Any CPU
		{67605742-502B-0351-5392-F33743DADE41}.Release|Any CPU.Build.0 = Release|Any CPU
		{74C2EC35-25CF-41CD-EF7F-4262A9D73659}.Debug|Any CPU.ActiveCfg = Debug|Any CPU
		{74C2EC35-25CF-41CD-EF7F-4262A9D73659}.Debug|Any CPU.Build.0 = Debug|Any CPU
		{74C2EC35-25CF-41CD-EF7F-4262A9D73659}.Release|Any CPU.ActiveCfg = Release|Any CPU
		{74C2EC35-25CF-41CD-EF7F-4262A9D73659}.Release|Any CPU.Build.0 = Release|Any CPU
		{5E0D7D08-2C85-B077-E156-9FC2E6C6F98E}.Debug|Any CPU.ActiveCfg = Debug|Any CPU
		{5E0D7D08-2C85-B077-E156-9FC2E6C6F98E}.Debug|Any CPU.Build.0 = Debug|Any CPU
		{5E0D7D08-2C85-B077-E156-9FC2E6C6F98E}.Release|Any CPU.ActiveCfg = Release|Any CPU
		{5E0D7D08-2C85-B077-E156-9FC2E6C6F98E}.Release|Any CPU.Build.0 = Release|Any CPU
		{4E735023-BE95-78A0-EFE3-C1CC4FA02720}.Debug|Any CPU.ActiveCfg = Debug|Any CPU
		{4E735023-BE95-78A0-EFE3-C1CC4FA02720}.Debug|Any CPU.Build.0 = Debug|Any CPU
		{4E735023-BE95-78A0-EFE3-C1CC4FA02720}.Release|Any CPU.ActiveCfg = Release|Any CPU
		{4E735023-BE95-78A0-EFE3-C1CC4FA02720}.Release|Any CPU.Build.0 = Release|Any CPU
		{B1853572-2A8D-291A-D39D-F2BE0EB11530}.Debug|Any CPU.ActiveCfg = Debug|Any CPU
		{B1853572-2A8D-291A-D39D-F2BE0EB11530}.Debug|Any CPU.Build.0 = Debug|Any CPU
		{B1853572-2A8D-291A-D39D-F2BE0EB11530}.Release|Any CPU.ActiveCfg = Release|Any CPU
		{B1853572-2A8D-291A-D39D-F2BE0EB11530}.Release|Any CPU.Build.0 = Release|Any CPU
		{CA3A93CD-C883-3C1C-1DB9-9CE3A41AF32F}.Debug|Any CPU.ActiveCfg = Debug|Any CPU
		{CA3A93CD-C883-3C1C-1DB9-9CE3A41AF32F}.Debug|Any CPU.Build.0 = Debug|Any CPU
		{CA3A93CD-C883-3C1C-1DB9-9CE3A41AF32F}.Release|Any CPU.ActiveCfg = Release|Any CPU
		{CA3A93CD-C883-3C1C-1DB9-9CE3A41AF32F}.Release|Any CPU.Build.0 = Release|Any CPU
		{D9548CB2-9442-C104-7997-49EF0E6202DC}.Debug|Any CPU.ActiveCfg = Debug|Any CPU
		{D9548CB2-9442-C104-7997-49EF0E6202DC}.Debug|Any CPU.Build.0 = Debug|Any CPU
		{D9548CB2-9442-C104-7997-49EF0E6202DC}.Release|Any CPU.ActiveCfg = Release|Any CPU
		{D9548CB2-9442-C104-7997-49EF0E6202DC}.Release|Any CPU.Build.0 = Release|Any CPU
		{263A22E0-3A14-4F15-F45B-E3DF180A9AF4}.Debug|Any CPU.ActiveCfg = Debug|Any CPU
		{263A22E0-3A14-4F15-F45B-E3DF180A9AF4}.Debug|Any CPU.Build.0 = Debug|Any CPU
		{263A22E0-3A14-4F15-F45B-E3DF180A9AF4}.Release|Any CPU.ActiveCfg = Release|Any CPU
		{263A22E0-3A14-4F15-F45B-E3DF180A9AF4}.Release|Any CPU.Build.0 = Release|Any CPU
		{5D388359-106B-9D0E-46C4-965EC2929F50}.Debug|Any CPU.ActiveCfg = Debug|Any CPU
		{5D388359-106B-9D0E-46C4-965EC2929F50}.Debug|Any CPU.Build.0 = Debug|Any CPU
		{5D388359-106B-9D0E-46C4-965EC2929F50}.Release|Any CPU.ActiveCfg = Release|Any CPU
		{5D388359-106B-9D0E-46C4-965EC2929F50}.Release|Any CPU.Build.0 = Release|Any CPU
		{77825E3F-23A9-4E9A-FDBD-D7AB49FC9F62}.Debug|Any CPU.ActiveCfg = Debug|Any CPU
		{77825E3F-23A9-4E9A-FDBD-D7AB49FC9F62}.Debug|Any CPU.Build.0 = Debug|Any CPU
		{77825E3F-23A9-4E9A-FDBD-D7AB49FC9F62}.Release|Any CPU.ActiveCfg = Release|Any CPU
		{77825E3F-23A9-4E9A-FDBD-D7AB49FC9F62}.Release|Any CPU.Build.0 = Release|Any CPU
		{AFF3A4CB-CCE9-DE05-56A6-40EDB6567EDE}.Debug|Any CPU.ActiveCfg = Debug|Any CPU
		{AFF3A4CB-CCE9-DE05-56A6-40EDB6567EDE}.Debug|Any CPU.Build.0 = Debug|Any CPU
		{AFF3A4CB-CCE9-DE05-56A6-40EDB6567EDE}.Release|Any CPU.ActiveCfg = Release|Any CPU
		{AFF3A4CB-CCE9-DE05-56A6-40EDB6567EDE}.Release|Any CPU.Build.0 = Release|Any CPU
		{3634802F-0CD5-6800-8968-2E46D1D069D3}.Debug|Any CPU.ActiveCfg = Debug|Any CPU
		{3634802F-0CD5-6800-8968-2E46D1D069D3}.Debug|Any CPU.Build.0 = Debug|Any CPU
		{3634802F-0CD5-6800-8968-2E46D1D069D3}.Release|Any CPU.ActiveCfg = Release|Any CPU
		{3634802F-0CD5-6800-8968-2E46D1D069D3}.Release|Any CPU.Build.0 = Release|Any CPU
		{22D4F3A8-D25D-5021-2602-CB6875DC8017}.Debug|Any CPU.ActiveCfg = Debug|Any CPU
		{22D4F3A8-D25D-5021-2602-CB6875DC8017}.Debug|Any CPU.Build.0 = Debug|Any CPU
		{22D4F3A8-D25D-5021-2602-CB6875DC8017}.Release|Any CPU.ActiveCfg = Release|Any CPU
		{22D4F3A8-D25D-5021-2602-CB6875DC8017}.Release|Any CPU.Build.0 = Release|Any CPU
		{A1F59BA8-8CD3-9EBC-1DD0-769F46C5778F}.Debug|Any CPU.ActiveCfg = Debug|Any CPU
		{A1F59BA8-8CD3-9EBC-1DD0-769F46C5778F}.Debug|Any CPU.Build.0 = Debug|Any CPU
		{A1F59BA8-8CD3-9EBC-1DD0-769F46C5778F}.Release|Any CPU.ActiveCfg = Release|Any CPU
		{A1F59BA8-8CD3-9EBC-1DD0-769F46C5778F}.Release|Any CPU.Build.0 = Release|Any CPU
		{6BBCA180-81BD-30AF-2B3A-87CFD944AC22}.Debug|Any CPU.ActiveCfg = Debug|Any CPU
		{6BBCA180-81BD-30AF-2B3A-87CFD944AC22}.Debug|Any CPU.Build.0 = Debug|Any CPU
		{6BBCA180-81BD-30AF-2B3A-87CFD944AC22}.Release|Any CPU.ActiveCfg = Release|Any CPU
		{6BBCA180-81BD-30AF-2B3A-87CFD944AC22}.Release|Any CPU.Build.0 = Release|Any CPU
		{B7FBD09C-95C8-CFDC-CD8A-5704AA3993EB}.Debug|Any CPU.ActiveCfg = Debug|Any CPU
		{B7FBD09C-95C8-CFDC-CD8A-5704AA3993EB}.Debug|Any CPU.Build.0 = Debug|Any CPU
		{B7FBD09C-95C8-CFDC-CD8A-5704AA3993EB}.Release|Any CPU.ActiveCfg = Release|Any CPU
		{B7FBD09C-95C8-CFDC-CD8A-5704AA3993EB}.Release|Any CPU.Build.0 = Release|Any CPU
		{976FFE66-14A5-1EAD-C662-D63508D3B851}.Debug|Any CPU.ActiveCfg = Debug|Any CPU
		{976FFE66-14A5-1EAD-C662-D63508D3B851}.Debug|Any CPU.Build.0 = Debug|Any CPU
		{976FFE66-14A5-1EAD-C662-D63508D3B851}.Release|Any CPU.ActiveCfg = Release|Any CPU
		{976FFE66-14A5-1EAD-C662-D63508D3B851}.Release|Any CPU.Build.0 = Release|Any CPU
		{D750FF85-6B21-33C0-1B05-0C3A56DC956F}.Debug|Any CPU.ActiveCfg = Debug|Any CPU
		{D750FF85-6B21-33C0-1B05-0C3A56DC956F}.Debug|Any CPU.Build.0 = Debug|Any CPU
		{D750FF85-6B21-33C0-1B05-0C3A56DC956F}.Release|Any CPU.ActiveCfg = Release|Any CPU
		{D750FF85-6B21-33C0-1B05-0C3A56DC956F}.Release|Any CPU.Build.0 = Release|Any CPU
		{74F6E4B5-67E0-19BC-4B22-D64AC4958A96}.Debug|Any CPU.ActiveCfg = Debug|Any CPU
		{74F6E4B5-67E0-19BC-4B22-D64AC4958A96}.Debug|Any CPU.Build.0 = Debug|Any CPU
		{74F6E4B5-67E0-19BC-4B22-D64AC4958A96}.Release|Any CPU.ActiveCfg = Release|Any CPU
		{74F6E4B5-67E0-19BC-4B22-D64AC4958A96}.Release|Any CPU.Build.0 = Release|Any CPU
		{84E87C4D-1021-F265-7A0C-11074436C0B4}.Debug|Any CPU.ActiveCfg = Debug|Any CPU
		{84E87C4D-1021-F265-7A0C-11074436C0B4}.Debug|Any CPU.Build.0 = Debug|Any CPU
		{84E87C4D-1021-F265-7A0C-11074436C0B4}.Release|Any CPU.ActiveCfg = Release|Any CPU
		{84E87C4D-1021-F265-7A0C-11074436C0B4}.Release|Any CPU.Build.0 = Release|Any CPU
		{0F906CC0-1896-354B-2AFA-350AA2E83C32}.Debug|Any CPU.ActiveCfg = Debug|Any CPU
		{0F906CC0-1896-354B-2AFA-350AA2E83C32}.Debug|Any CPU.Build.0 = Debug|Any CPU
		{0F906CC0-1896-354B-2AFA-350AA2E83C32}.Release|Any CPU.ActiveCfg = Release|Any CPU
		{0F906CC0-1896-354B-2AFA-350AA2E83C32}.Release|Any CPU.Build.0 = Release|Any CPU
		{8593B139-193B-40F8-894F-7C3DCFC17BF1}.Debug|Any CPU.ActiveCfg = Debug|Any CPU
		{8593B139-193B-40F8-894F-7C3DCFC17BF1}.Debug|Any CPU.Build.0 = Debug|Any CPU
		{8593B139-193B-40F8-894F-7C3DCFC17BF1}.Release|Any CPU.ActiveCfg = Release|Any CPU
		{8593B139-193B-40F8-894F-7C3DCFC17BF1}.Release|Any CPU.Build.0 = Release|Any CPU
		{AD3784D3-A36D-1641-C226-AB427A12C789}.Debug|Any CPU.ActiveCfg = Debug|Any CPU
		{AD3784D3-A36D-1641-C226-AB427A12C789}.Debug|Any CPU.Build.0 = Debug|Any CPU
		{AD3784D3-A36D-1641-C226-AB427A12C789}.Release|Any CPU.ActiveCfg = Release|Any CPU
		{AD3784D3-A36D-1641-C226-AB427A12C789}.Release|Any CPU.Build.0 = Release|Any CPU
		{EED7521D-1F6C-B33E-A11F-9BC356FF0F14}.Debug|Any CPU.ActiveCfg = Debug|Any CPU
		{EED7521D-1F6C-B33E-A11F-9BC356FF0F14}.Debug|Any CPU.Build.0 = Debug|Any CPU
		{EED7521D-1F6C-B33E-A11F-9BC356FF0F14}.Release|Any CPU.ActiveCfg = Release|Any CPU
		{EED7521D-1F6C-B33E-A11F-9BC356FF0F14}.Release|Any CPU.Build.0 = Release|Any CPU
		{7DE12FC6-31CC-8B4C-7653-A59F1209007E}.Debug|Any CPU.ActiveCfg = Debug|Any CPU
		{7DE12FC6-31CC-8B4C-7653-A59F1209007E}.Debug|Any CPU.Build.0 = Debug|Any CPU
		{7DE12FC6-31CC-8B4C-7653-A59F1209007E}.Release|Any CPU.ActiveCfg = Release|Any CPU
		{7DE12FC6-31CC-8B4C-7653-A59F1209007E}.Release|Any CPU.Build.0 = Release|Any CPU
		{FB1F2056-DD0D-DB2C-8264-988A05C9F034}.Debug|Any CPU.ActiveCfg = Debug|Any CPU
		{FB1F2056-DD0D-DB2C-8264-988A05C9F034}.Debug|Any CPU.Build.0 = Debug|Any CPU
		{FB1F2056-DD0D-DB2C-8264-988A05C9F034}.Release|Any CPU.ActiveCfg = Release|Any CPU
		{FB1F2056-DD0D-DB2C-8264-988A05C9F034}.Release|Any CPU.Build.0 = Release|Any CPU
		{1BBB6D12-6099-8F40-2F3A-F917D516038D}.Debug|Any CPU.ActiveCfg = Debug|Any CPU
		{1BBB6D12-6099-8F40-2F3A-F917D516038D}.Debug|Any CPU.Build.0 = Debug|Any CPU
		{1BBB6D12-6099-8F40-2F3A-F917D516038D}.Release|Any CPU.ActiveCfg = Release|Any CPU
		{1BBB6D12-6099-8F40-2F3A-F917D516038D}.Release|Any CPU.Build.0 = Release|Any CPU
		{DDCEF783-3471-156E-C283-7D161359BE6F}.Debug|Any CPU.ActiveCfg = Debug|Any CPU
		{DDCEF783-3471-156E-C283-7D161359BE6F}.Debug|Any CPU.Build.0 = Debug|Any CPU
		{DDCEF783-3471-156E-C283-7D161359BE6F}.Release|Any CPU.ActiveCfg = Release|Any CPU
		{DDCEF783-3471-156E-C283-7D161359BE6F}.Release|Any CPU.Build.0 = Release|Any CPU
		{74F7279F-9D11-8CF9-3592-284B0208D6E0}.Debug|Any CPU.ActiveCfg = Debug|Any CPU
		{74F7279F-9D11-8CF9-3592-284B0208D6E0}.Debug|Any CPU.Build.0 = Debug|Any CPU
		{74F7279F-9D11-8CF9-3592-284B0208D6E0}.Release|Any CPU.ActiveCfg = Release|Any CPU
		{74F7279F-9D11-8CF9-3592-284B0208D6E0}.Release|Any CPU.Build.0 = Release|Any CPU
		{8D4C41B1-B9C6-BB64-A510-9E2501F9FF87}.Debug|Any CPU.ActiveCfg = Debug|Any CPU
		{8D4C41B1-B9C6-BB64-A510-9E2501F9FF87}.Debug|Any CPU.Build.0 = Debug|Any CPU
		{8D4C41B1-B9C6-BB64-A510-9E2501F9FF87}.Release|Any CPU.ActiveCfg = Release|Any CPU
		{8D4C41B1-B9C6-BB64-A510-9E2501F9FF87}.Release|Any CPU.Build.0 = Release|Any CPU
		{6171CBE0-DCEC-5E82-25A4-DF2E10E14252}.Debug|Any CPU.ActiveCfg = Debug|Any CPU
		{6171CBE0-DCEC-5E82-25A4-DF2E10E14252}.Debug|Any CPU.Build.0 = Debug|Any CPU
		{6171CBE0-DCEC-5E82-25A4-DF2E10E14252}.Release|Any CPU.ActiveCfg = Release|Any CPU
		{6171CBE0-DCEC-5E82-25A4-DF2E10E14252}.Release|Any CPU.Build.0 = Release|Any CPU
		{784F9684-E76F-314F-5A9A-DA314BC1E728}.Debug|Any CPU.ActiveCfg = Debug|Any CPU
		{784F9684-E76F-314F-5A9A-DA314BC1E728}.Debug|Any CPU.Build.0 = Debug|Any CPU
		{784F9684-E76F-314F-5A9A-DA314BC1E728}.Release|Any CPU.ActiveCfg = Release|Any CPU
		{784F9684-E76F-314F-5A9A-DA314BC1E728}.Release|Any CPU.Build.0 = Release|Any CPU
		{17AA5E6F-FC67-0135-C175-865771743C2D}.Debug|Any CPU.ActiveCfg = Debug|Any CPU
		{17AA5E6F-FC67-0135-C175-865771743C2D}.Debug|Any CPU.Build.0 = Debug|Any CPU
		{17AA5E6F-FC67-0135-C175-865771743C2D}.Release|Any CPU.ActiveCfg = Release|Any CPU
		{17AA5E6F-FC67-0135-C175-865771743C2D}.Release|Any CPU.Build.0 = Release|Any CPU
		{01FBA8F8-C00D-757F-295E-70634B046A1D}.Debug|Any CPU.ActiveCfg = Debug|Any CPU
		{01FBA8F8-C00D-757F-295E-70634B046A1D}.Debug|Any CPU.Build.0 = Debug|Any CPU
		{01FBA8F8-C00D-757F-295E-70634B046A1D}.Release|Any CPU.ActiveCfg = Release|Any CPU
		{01FBA8F8-C00D-757F-295E-70634B046A1D}.Release|Any CPU.Build.0 = Release|Any CPU
		{3FA86F5A-92C8-1440-7887-20BF163AFA2A}.Debug|Any CPU.ActiveCfg = Debug|Any CPU
		{3FA86F5A-92C8-1440-7887-20BF163AFA2A}.Debug|Any CPU.Build.0 = Debug|Any CPU
		{3FA86F5A-92C8-1440-7887-20BF163AFA2A}.Release|Any CPU.ActiveCfg = Release|Any CPU
		{3FA86F5A-92C8-1440-7887-20BF163AFA2A}.Release|Any CPU.Build.0 = Release|Any CPU
	EndGlobalSection
	GlobalSection(SolutionProperties) = preSolution
		HideSolutionNode = FALSE
	EndGlobalSection
EndGlobal
